
Microsoft Visual Studio Solution File, Format Version 12.00
# Visual Studio Version 16
VisualStudioVersion = 16.0.30717.126
MinimumVisualStudioVersion = 10.0.40219.1
Project("{8BC9CEB8-8B4A-11D0-8D11-00A0C91BC942}") = "数据结构和算法", "数据结构和算法\数据结构和算法.vcxproj", "{658AF903-6704-4C6E-95D5-93B645EFB35E}"
EndProject
Global
	GlobalSection(SolutionConfigurationPlatforms) = preSolution
		Debug|x64 = Debug|x64
		Debug|x86 = Debug|x86
		Release|x64 = Release|x64
		Release|x86 = Release|x86
	EndGlobalSection
	GlobalSection(ProjectConfigurationPlatforms) = postSolution
		{658AF903-6704-4C6E-95D5-93B645EFB35E}.Debug|x64.ActiveCfg = Debug|x64
		{658AF903-6704-4C6E-95D5-93B645EFB35E}.Debug|x64.Build.0 = Debug|x64
		{658AF903-6704-4C6E-95D5-93B645EFB35E}.Debug|x86.ActiveCfg = Debug|Win32
		{658AF903-6704-4C6E-95D5-93B645EFB35E}.Debug|x86.Build.0 = Debug|Win32
		{658AF903-6704-4C6E-95D5-93B645EFB35E}.Release|x64.ActiveCfg = Release|x64
		{658AF903-6704-4C6E-95D5-93B645EFB35E}.Release|x64.Build.0 = Release|x64
		{658AF903-6704-4C6E-95D5-93B645EFB35E}.Release|x86.ActiveCfg = Release|Win32
		{658AF903-6704-4C6E-95D5-93B645EFB35E}.Release|x86.Build.0 = Release|Win32
	EndGlobalSection
	GlobalSection(SolutionProperties) = preSolution
		HideSolutionNode = FALSE
	EndGlobalSection
	GlobalSection(ExtensibilityGlobals) = postSolution
		SolutionGuid = {720B5DF9-0AC3-4FDC-B3A9-4C5FA8493046}
	EndGlobalSection
EndGlobal
